
Microsoft Visual Studio Solution File, Format Version 12.00
# Visual Studio 15
VisualStudioVersion = 15.0.27004.2010
MinimumVisualStudioVersion = 10.0.40219.1
Project("{FAE04EC0-301F-11D3-BF4B-00C04F79EFBC}") = "Kulturno sportski centar", "Kulturno sportski centar\Kulturno sportski centar.csproj", "{DACE09EC-D4E2-4EC7-8C55-BA5DBB33C14A}"
EndProject
Global
	GlobalSection(SolutionConfigurationPlatforms) = preSolution
		Debug|Any CPU = Debug|Any CPU
		Release|Any CPU = Release|Any CPU
	EndGlobalSection
	GlobalSection(ProjectConfigurationPlatforms) = postSolution
		{DACE09EC-D4E2-4EC7-8C55-BA5DBB33C14A}.Debug|Any CPU.ActiveCfg = Debug|Any CPU
		{DACE09EC-D4E2-4EC7-8C55-BA5DBB33C14A}.Debug|Any CPU.Build.0 = Debug|Any CPU
		{DACE09EC-D4E2-4EC7-8C55-BA5DBB33C14A}.Release|Any CPU.ActiveCfg = Release|Any CPU
		{DACE09EC-D4E2-4EC7-8C55-BA5DBB33C14A}.Release|Any CPU.Build.0 = Release|Any CPU
	EndGlobalSection
	GlobalSection(SolutionProperties) = preSolution
		HideSolutionNode = FALSE
	EndGlobalSection
	GlobalSection(ExtensibilityGlobals) = postSolution
		VisualSVNWorkingCopyRoot = .
		SolutionGuid = {395B46F9-EECA-469E-8FA1-0659F8FE0963}
	EndGlobalSection
EndGlobal
